
Microsoft Visual Studio Solution File, Format Version 12.00
# Visual Studio Version 17
VisualStudioVersion = 17.0.31903.59
MinimumVisualStudioVersion = 10.0.40219.1
Project("{FAE04EC0-301F-11D3-BF4B-00C04F79EFBC}") = "Wheelzy.App", "Wheelzy.App\Wheelzy.App.csproj", "{4FDDDA40-63FE-40AA-8A20-5DABDA9BA1A6}"
EndProject
Project("{FAE04EC0-301F-11D3-BF4B-00C04F79EFBC}") = "Wheelzy.Tests", "Wheelzy.Tests\Wheelzy.Tests.csproj", "{8EC89869-5CE9-4EFC-8DED-7D14187359E4}"
EndProject
Global
	GlobalSection(SolutionConfigurationPlatforms) = preSolution
		Debug|Any CPU = Debug|Any CPU
		Release|Any CPU = Release|Any CPU
	EndGlobalSection
	GlobalSection(SolutionProperties) = preSolution
		HideSolutionNode = FALSE
	EndGlobalSection
	GlobalSection(ProjectConfigurationPlatforms) = postSolution
		{4FDDDA40-63FE-40AA-8A20-5DABDA9BA1A6}.Debug|Any CPU.ActiveCfg = Debug|Any CPU
		{4FDDDA40-63FE-40AA-8A20-5DABDA9BA1A6}.Debug|Any CPU.Build.0 = Debug|Any CPU
		{4FDDDA40-63FE-40AA-8A20-5DABDA9BA1A6}.Release|Any CPU.ActiveCfg = Release|Any CPU
		{4FDDDA40-63FE-40AA-8A20-5DABDA9BA1A6}.Release|Any CPU.Build.0 = Release|Any CPU
		{8EC89869-5CE9-4EFC-8DED-7D14187359E4}.Debug|Any CPU.ActiveCfg = Debug|Any CPU
		{8EC89869-5CE9-4EFC-8DED-7D14187359E4}.Debug|Any CPU.Build.0 = Debug|Any CPU
		{8EC89869-5CE9-4EFC-8DED-7D14187359E4}.Release|Any CPU.ActiveCfg = Release|Any CPU
		{8EC89869-5CE9-4EFC-8DED-7D14187359E4}.Release|Any CPU.Build.0 = Release|Any CPU
	EndGlobalSection
EndGlobal
